{
  "requires": true,
  "lockfileVersion": 1,
  "dependencies": {
    "animate.css": {
      "version": "3.7.2",
      "resolved": "https://registry.npmjs.org/animate.css/-/animate.css-3.7.2.tgz",
      "integrity": "sha512-0bE8zYo7C0KvgOYrSVfrzkbYk6IOTVPNqkiHg2cbyF4Pq/PXzilz4BRWA3hwEUBoMp5VBgrC29lQIZyhRWdBTw=="
    },
    "animate.js": {
      "version": "2.0.2",
      "resolved": "https://registry.npmjs.org/animate.js/-/animate.js-2.0.2.tgz",
      "integrity": "sha512-syZXdUvQoqLtIW5kA4hjyXM7FCDLGVZh+RgAx8PasPnEsCFhmUc6zn62h78MfNOoMnJ9ZjhKEkPoI5isZDQ+yQ==",
      "requires": {
        "lodash-es": "^4.17.14"
      }
    },
    "lodash-es": {
      "version": "4.17.15",
      "resolved": "https://registry.npmjs.org/lodash-es/-/lodash-es-4.17.15.tgz",
      "integrity": "sha512-rlrc3yU3+JNOpZ9zj5pQtxnx2THmvRykwL4Xlxoa8I9lHBlVbbyPhgyPMioxVZ4NqyxaVVtaJnzsyOidQIhyyQ=="
    }
  }
}
